
Microsoft Visual Studio Solution File, Format Version 12.00
# Visual Studio Version 17
VisualStudioVersion = 17.7.34031.279
MinimumVisualStudioVersion = 10.0.40219.1
Project("{9A19103F-16F7-4668-BE54-9A1E7A4F7556}") = "SmartOrderBy", "src\SmartOrderBy\SmartOrderBy.csproj", "{AA8D3C74-8253-4BA1-B30D-14A085DA9706}"
EndProject
Project("{9A19103F-16F7-4668-BE54-9A1E7A4F7556}") = "Sample.Common", "sample\Sample.Common\Sample.Common.csproj", "{4DD2A5B0-7044-4BB5-8125-AF9318C78791}"
EndProject
Project("{9A19103F-16F7-4668-BE54-9A1E7A4F7556}") = "SmartOrderBy.Test", "test\SmartOrderBy.Test\SmartOrderBy.Test.csproj", "{BBB71407-CBC4-4176-A95C-04A39A4725C7}"
EndProject
Project("{9A19103F-16F7-4668-BE54-9A1E7A4F7556}") = "Sample.Api", "sample\Sample.Api\Sample.Api.csproj", "{1C1BF2F5-CFEC-40C8-9CC4-B3679E217DA9}"
EndProject
Global
	GlobalSection(SolutionConfigurationPlatforms) = preSolution
		Debug|Any CPU = Debug|Any CPU
		Release|Any CPU = Release|Any CPU
	EndGlobalSection
	GlobalSection(ProjectConfigurationPlatforms) = postSolution
		{AA8D3C74-8253-4BA1-B30D-14A085DA9706}.Debug|Any CPU.ActiveCfg = Debug|Any CPU
		{AA8D3C74-8253-4BA1-B30D-14A085DA9706}.Debug|Any CPU.Build.0 = Debug|Any CPU
		{AA8D3C74-8253-4BA1-B30D-14A085DA9706}.Release|Any CPU.ActiveCfg = Release|Any CPU
		{AA8D3C74-8253-4BA1-B30D-14A085DA9706}.Release|Any CPU.Build.0 = Release|Any CPU
		{4DD2A5B0-7044-4BB5-8125-AF9318C78791}.Debug|Any CPU.ActiveCfg = Debug|Any CPU
		{4DD2A5B0-7044-4BB5-8125-AF9318C78791}.Debug|Any CPU.Build.0 = Debug|Any CPU
		{4DD2A5B0-7044-4BB5-8125-AF9318C78791}.Release|Any CPU.ActiveCfg = Release|Any CPU
		{4DD2A5B0-7044-4BB5-8125-AF9318C78791}.Release|Any CPU.Build.0 = Release|Any CPU
		{BBB71407-CBC4-4176-A95C-04A39A4725C7}.Debug|Any CPU.ActiveCfg = Debug|Any CPU
		{BBB71407-CBC4-4176-A95C-04A39A4725C7}.Debug|Any CPU.Build.0 = Debug|Any CPU
		{BBB71407-CBC4-4176-A95C-04A39A4725C7}.Release|Any CPU.ActiveCfg = Release|Any CPU
		{BBB71407-CBC4-4176-A95C-04A39A4725C7}.Release|Any CPU.Build.0 = Release|Any CPU
		{1C1BF2F5-CFEC-40C8-9CC4-B3679E217DA9}.Debug|Any CPU.ActiveCfg = Debug|Any CPU
		{1C1BF2F5-CFEC-40C8-9CC4-B3679E217DA9}.Debug|Any CPU.Build.0 = Debug|Any CPU
		{1C1BF2F5-CFEC-40C8-9CC4-B3679E217DA9}.Release|Any CPU.ActiveCfg = Release|Any CPU
		{1C1BF2F5-CFEC-40C8-9CC4-B3679E217DA9}.Release|Any CPU.Build.0 = Release|Any CPU
	EndGlobalSection
	GlobalSection(SolutionProperties) = preSolution
		HideSolutionNode = FALSE
	EndGlobalSection
	GlobalSection(ExtensibilityGlobals) = postSolution
		SolutionGuid = {87394542-246B-4642-8DDB-CA08996A3476}
	EndGlobalSection
EndGlobal
